
Microsoft Visual Studio Solution File, Format Version 12.00
# Visual Studio Version 16
VisualStudioVersion = 16.0.30104.148
MinimumVisualStudioVersion = 10.0.40219.1
Project("{FAE04EC0-301F-11D3-BF4B-00C04F79EFBC}") = "ThirdStream.RaceTrack", "ThirdStream.RaceTrack\ThirdStream.RaceTrack.csproj", "{294C01E7-18F5-4717-983E-7C0F870408F8}"
EndProject
Global
	GlobalSection(SolutionConfigurationPlatforms) = preSolution
		Debug|Any CPU = Debug|Any CPU
		Release|Any CPU = Release|Any CPU
	EndGlobalSection
	GlobalSection(ProjectConfigurationPlatforms) = postSolution
		{294C01E7-18F5-4717-983E-7C0F870408F8}.Debug|Any CPU.ActiveCfg = Debug|Any CPU
		{294C01E7-18F5-4717-983E-7C0F870408F8}.Debug|Any CPU.Build.0 = Debug|Any CPU
		{294C01E7-18F5-4717-983E-7C0F870408F8}.Release|Any CPU.ActiveCfg = Release|Any CPU
		{294C01E7-18F5-4717-983E-7C0F870408F8}.Release|Any CPU.Build.0 = Release|Any CPU
	EndGlobalSection
	GlobalSection(SolutionProperties) = preSolution
		HideSolutionNode = FALSE
	EndGlobalSection
	GlobalSection(ExtensibilityGlobals) = postSolution
		SolutionGuid = {A8F8DC45-64BC-4DFC-8C53-43F2BE84F6D1}
	EndGlobalSection
EndGlobal
